
Microsoft Visual Studio Solution File, Format Version 12.00
# Visual Studio 15
VisualStudioVersion = 15.0.28307.271
MinimumVisualStudioVersion = 10.0.40219.1
Project("{FAE04EC0-301F-11D3-BF4B-00C04F79EFBC}") = "StudyGuide", "StudyGuide\StudyGuide.csproj", "{3730955C-9D82-40D1-B885-882D721EBB86}"
EndProject
Project("{FAE04EC0-301F-11D3-BF4B-00C04F79EFBC}") = "StudyGuideUnitTests", "StudyGuideUnitTests\StudyGuideUnitTests.csproj", "{1F812585-34F2-45A2-ACB8-840BC693C253}"
EndProject
Project("{FAE04EC0-301F-11D3-BF4B-00C04F79EFBC}") = "WPFStudyGuide", "WPFStudyGuide\WPFStudyGuide.csproj", "{31B14C06-BC56-4A4C-8360-B76791DC2933}"
EndProject
Project("{FAE04EC0-301F-11D3-BF4B-00C04F79EFBC}") = "StudyGuideUtilities", "StudyGuideUtilities\StudyGuideUtilities.csproj", "{CDA4D7C5-ACB1-4443-B3CB-2E3B928A92DE}"
EndProject
Global
	GlobalSection(SolutionConfigurationPlatforms) = preSolution
		Debug|Any CPU = Debug|Any CPU
		Release|Any CPU = Release|Any CPU
	EndGlobalSection
	GlobalSection(ProjectConfigurationPlatforms) = postSolution
		{3730955C-9D82-40D1-B885-882D721EBB86}.Debug|Any CPU.ActiveCfg = Debug|Any CPU
		{3730955C-9D82-40D1-B885-882D721EBB86}.Debug|Any CPU.Build.0 = Debug|Any CPU
		{3730955C-9D82-40D1-B885-882D721EBB86}.Release|Any CPU.ActiveCfg = Release|Any CPU
		{3730955C-9D82-40D1-B885-882D721EBB86}.Release|Any CPU.Build.0 = Release|Any CPU
		{1F812585-34F2-45A2-ACB8-840BC693C253}.Debug|Any CPU.ActiveCfg = Debug|Any CPU
		{1F812585-34F2-45A2-ACB8-840BC693C253}.Debug|Any CPU.Build.0 = Debug|Any CPU
		{1F812585-34F2-45A2-ACB8-840BC693C253}.Release|Any CPU.ActiveCfg = Release|Any CPU
		{1F812585-34F2-45A2-ACB8-840BC693C253}.Release|Any CPU.Build.0 = Release|Any CPU
		{31B14C06-BC56-4A4C-8360-B76791DC2933}.Debug|Any CPU.ActiveCfg = Debug|Any CPU
		{31B14C06-BC56-4A4C-8360-B76791DC2933}.Debug|Any CPU.Build.0 = Debug|Any CPU
		{31B14C06-BC56-4A4C-8360-B76791DC2933}.Release|Any CPU.ActiveCfg = Release|Any CPU
		{31B14C06-BC56-4A4C-8360-B76791DC2933}.Release|Any CPU.Build.0 = Release|Any CPU
		{CDA4D7C5-ACB1-4443-B3CB-2E3B928A92DE}.Debug|Any CPU.ActiveCfg = Debug|Any CPU
		{CDA4D7C5-ACB1-4443-B3CB-2E3B928A92DE}.Debug|Any CPU.Build.0 = Debug|Any CPU
		{CDA4D7C5-ACB1-4443-B3CB-2E3B928A92DE}.Release|Any CPU.ActiveCfg = Release|Any CPU
		{CDA4D7C5-ACB1-4443-B3CB-2E3B928A92DE}.Release|Any CPU.Build.0 = Release|Any CPU
	EndGlobalSection
	GlobalSection(SolutionProperties) = preSolution
		HideSolutionNode = FALSE
	EndGlobalSection
	GlobalSection(ExtensibilityGlobals) = postSolution
		SolutionGuid = {8EB17C07-3108-4E48-90ED-CACC80B75731}
	EndGlobalSection
EndGlobal
